{
  "name": "@droneworks/dji-parser-spike",
  "version": "0.0.0",
  "lockfileVersion": 3,
  "requires": true,
  "packages": {
    "": {
      "name": "@droneworks/dji-parser-spike",
      "version": "0.0.0",
      "dependencies": {
        "dji-log-parser-js": "0.5.7"
      },
      "engines": {
        "node": ">=22.13.0"
      }
    },
    "node_modules/dji-log-parser-js": {
      "version": "0.5.7",
      "resolved": "https://registry.npmjs.org/dji-log-parser-js/-/dji-log-parser-js-0.5.7.tgz",
      "integrity": "sha512-Yx6eE79jgmqzZWoL8LmKXYkdAUwJa5PLJlADkkRvxt276PcTAtrj2sdJMWktmfQ7yIA5xompcGrZGu7idc441A==",
      "license": "MIT",
      "engines": {
        "node": ">=18.0.0"
      }
    }
  }
}
